// !$*UTF8*$!
{
	archiveVersion = 1;
	classes = {
	};
	objectVersion = 46;
	objects = {

/* Begin PBXBuildFile section */
		2D36B17E1A377A7100B354EA /* main.m in Sources */ = {isa = PBXBuildFile; fileRef = 2D36B17D1A377A7100B354EA /* main.m */; };
		2D36B1811A377A7100B354EA /* AppDelegate.m in Sources */ = {isa = PBXBuildFile; fileRef = 2D36B1801A377A7100B354EA /* AppDelegate.m */; };
		2D36B1871A377A7100B354EA /* Main.storyboard in Resources */ = {isa = PBXBuildFile; fileRef = 2D36B1851A377A7100B354EA /* Main.storyboard */; };
		2D36B1891A377A7100B354EA /* Images.xcassets in Resources */ = {isa = PBXBuildFile; fileRef = 2D36B1881A377A7100B354EA /* Images.xcassets */; };
		2D36B18C1A377A7100B354EA /* LaunchScreen.xib in Resources */ = {isa = PBXBuildFile; fileRef = 2D36B18A1A377A7100B354EA /* LaunchScreen.xib */; };
		2D36B1981A377A7100B354EA /* MQPhotoGalleryTests.m in Sources */ = {isa = PBXBuildFile; fileRef = 2D36B1971A377A7100B354EA /* MQPhotoGalleryTests.m */; };
		2D36B1A51A377B9400B354EA /* DropboxSDK.framework in Frameworks */ = {isa = PBXBuildFile; fileRef = 2D36B1A41A377B9400B354EA /* DropboxSDK.framework */; };
		2D36B1A81A377BE500B354EA /* QuartzCore.framework in Frameworks */ = {isa = PBXBuildFile; fileRef = 2D36B1A71A377BE500B354EA /* QuartzCore.framework */; };
		2D36B1AA1A377BF900B354EA /* Security.framework in Frameworks */ = {isa = PBXBuildFile; fileRef = 2D36B1A91A377BF900B354EA /* Security.framework */; };
		2D36B1AD1A377C7000B354EA /* MQGalleryViewController.m in Sources */ = {isa = PBXBuildFile; fileRef = 2D36B1AC1A377C7000B354EA /* MQGalleryViewController.m */; };
		2D36B1B01A37875800B354EA /* PhotoCell.m in Sources */ = {isa = PBXBuildFile; fileRef = 2D36B1AF1A37875800B354EA /* PhotoCell.m */; };
		2D94B73E1A387C8F00911483 /* TakePictureViewController.m in Sources */ = {isa = PBXBuildFile; fileRef = 2D94B73D1A387C8F00911483 /* TakePictureViewController.m */; };
		2D94B7711A38B2BB00911483 /* DisplaySelectedPhotoViewController.m in Sources */ = {isa = PBXBuildFile; fileRef = 2D94B7701A38B2BB00911483 /* DisplaySelectedPhotoViewController.m */; };
		2D94B7751A38D30D00911483 /* button_backgound.png in Resources */ = {isa = PBXBuildFile; fileRef = 2D94B7741A38D30D00911483 /* button_backgound.png */; };
/* End PBXBuildFile section */

/* Begin PBXContainerItemProxy section */
		2D36B1921A377A7100B354EA /* PBXContainerItemProxy */ = {
			isa = PBXContainerItemProxy;
			containerPortal = 2D36B1701A377A7100B354EA /* Project object */;
			proxyType = 1;
			remoteGlobalIDString = 2D36B1771A377A7100B354EA;
			remoteInfo = MQPhotoGallery;
		};
/* End PBXContainerItemProxy section */

/* Begin PBXFileReference section */
		2D36B1781A377A7100B354EA /* MQPhotoGallery.app */ = {isa = PBXFileReference; explicitFileType = wrapper.application; includeInIndex = 0; path = MQPhotoGallery.app; sourceTree = BUILT_PRODUCTS_DIR; };
		2D36B17C1A377A7100B354EA /* Info.plist */ = {isa = PBXFileReference; lastKnownFileType = text.plist.xml; path = Info.plist; sourceTree = "<group>"; };
		2D36B17D1A377A7100B354EA /* main.m */ = {isa = PBXFileReference; lastKnownFileType = sourcecode.c.objc; path = main.m; sourceTree = "<group>"; };
		2D36B17F1A377A7100B354EA /* AppDelegate.h */ = {isa = PBXFileReference; lastKnownFileType = sourcecode.c.h; path = AppDelegate.h; sourceTree = "<group>"; };
		2D36B1801A377A7100B354EA /* AppDelegate.m */ = {isa = PBXFileReference; lastKnownFileType = sourcecode.c.objc; path = AppDelegate.m; sourceTree = "<group>"; };
		2D36B1861A377A7100B354EA /* Base */ = {isa = PBXFileReference; lastKnownFileType = file.storyboard; name = Base; path = Base.lproj/Main.storyboard; sourceTree = "<group>"; };
		2D36B1881A377A7100B354EA /* Images.xcassets */ = {isa = PBXFileReference; lastKnownFileType = folder.assetcatalog; path = Images.xcassets; sourceTree = "<group>"; };
		2D36B18B1A377A7100B354EA /* Base */ = {isa = PBXFileReference; lastKnownFileType = file.xib; name = Base; path = Base.lproj/LaunchScreen.xib; sourceTree = "<group>"; };
		2D36B1911A377A7100B354EA /* MQPhotoGalleryTests.xctest */ = {isa = PBXFileReference; explicitFileType = wrapper.cfbundle; includeInIndex = 0; path = MQPhotoGalleryTests.xctest; sourceTree = BUILT_PRODUCTS_DIR; };
		2D36B1961A377A7100B354EA /* Info.plist */ = {isa = PBXFileReference; lastKnownFileType = text.plist.xml; path = Info.plist; sourceTree = "<group>"; };
		2D36B1971A377A7100B354EA /* MQPhotoGalleryTests.m */ = {isa = PBXFileReference; lastKnownFileType = sourcecode.c.objc; path = MQPhotoGalleryTests.m; sourceTree = "<group>"; };
		2D36B1A41A377B9400B354EA /* DropboxSDK.framework */ = {isa = PBXFileReference; lastKnownFileType = wrapper.framework; name = DropboxSDK.framework; path = ../ThirdpartyFramework/DropboxSDK.framework; sourceTree = "<group>"; };
		2D36B1A71A377BE500B354EA /* QuartzCore.framework */ = {isa = PBXFileReference; lastKnownFileType = wrapper.framework; name = QuartzCore.framework; path = System/Library/Frameworks/QuartzCore.framework; sourceTree = SDKROOT; };
		2D36B1A91A377BF900B354EA /* Security.framework */ = {isa = PBXFileReference; lastKnownFileType = wrapper.framework; name = Security.framework; path = System/Library/Frameworks/Security.framework; sourceTree = SDKROOT; };
		2D36B1AB1A377C7000B354EA /* MQGalleryViewController.h */ = {isa = PBXFileReference; fileEncoding = 4; lastKnownFileType = sourcecode.c.h; name = MQGalleryViewController.h; path = Controller/MQGalleryViewController.h; sourceTree = "<group>"; };
		2D36B1AC1A377C7000B354EA /* MQGalleryViewController.m */ = {isa = PBXFileReference; fileEncoding = 4; lastKnownFileType = sourcecode.c.objc; name = MQGalleryViewController.m; path = Controller/MQGalleryViewController.m; sourceTree = "<group>"; };
		2D36B1AE1A37875800B354EA /* PhotoCell.h */ = {isa = PBXFileReference; fileEncoding = 4; lastKnownFileType = sourcecode.c.h; name = PhotoCell.h; path = Controller/PhotoCell.h; sourceTree = "<group>"; };
		2D36B1AF1A37875800B354EA /* PhotoCell.m */ = {isa = PBXFileReference; fileEncoding = 4; lastKnownFileType = sourcecode.c.objc; name = PhotoCell.m; path = Controller/PhotoCell.m; sourceTree = "<group>"; };
		2D94B73C1A387C8F00911483 /* TakePictureViewController.h */ = {isa = PBXFileReference; fileEncoding = 4; lastKnownFileType = sourcecode.c.h; name = TakePictureViewController.h; path = Controller/TakePictureViewController.h; sourceTree = "<group>"; };
		2D94B73D1A387C8F00911483 /* TakePictureViewController.m */ = {isa = PBXFileReference; fileEncoding = 4; lastKnownFileType = sourcecode.c.objc; name = TakePictureViewController.m; path = Controller/TakePictureViewController.m; sourceTree = "<group>"; };
		2D94B76F1A38B2BB00911483 /* DisplaySelectedPhotoViewController.h */ = {isa = PBXFileReference; fileEncoding = 4; lastKnownFileType = sourcecode.c.h; name = DisplaySelectedPhotoViewController.h; path = Controller/DisplaySelectedPhotoViewController.h; sourceTree = "<group>"; };
		2D94B7701A38B2BB00911483 /* DisplaySelectedPhotoViewController.m */ = {isa = PBXFileReference; fileEncoding = 4; lastKnownFileType = sourcecode.c.objc; name = DisplaySelectedPhotoViewController.m; path = Controller/DisplaySelectedPhotoViewController.m; sourceTree = "<group>"; };
		2D94B7741A38D30D00911483 /* button_backgound.png */ = {isa = PBXFileReference; lastKnownFileType = image.png; path = button_backgound.png; sourceTree = "<group>"; };
/* End PBXFileReference section */

/* Begin PBXFrameworksBuildPhase section */
		2D36B1751A377A7100B354EA /* Frameworks */ = {
			isa = PBXFrameworksBuildPhase;
			buildActionMask = 2147483647;
			files = (
				2D36B1AA1A377BF900B354EA /* Security.framework in Frameworks */,
				2D36B1A81A377BE500B354EA /* QuartzCore.framework in Frameworks */,
				2D36B1A51A377B9400B354EA /* DropboxSDK.framework in Frameworks */,
			);
			runOnlyForDeploymentPostprocessing = 0;
		};
		2D36B18E1A377A7100B354EA /* Frameworks */ = {
			isa = PBXFrameworksBuildPhase;
			buildActionMask = 2147483647;
			files = (
			);
			runOnlyForDeploymentPostprocessing = 0;
		};
/* End PBXFrameworksBuildPhase section */

/* Begin PBXGroup section */
		2D36B16F1A377A7100B354EA = {
			isa = PBXGroup;
			children = (
				2D36B17A1A377A7100B354EA /* MQPhotoGallery */,
				2D36B1941A377A7100B354EA /* MQPhotoGalleryTests */,
				2D36B1791A377A7100B354EA /* Products */,
			);
			sourceTree = "<group>";
		};
		2D36B1791A377A7100B354EA /* Products */ = {
			isa = PBXGroup;
			children = (
				2D36B1781A377A7100B354EA /* MQPhotoGallery.app */,
				2D36B1911A377A7100B354EA /* MQPhotoGalleryTests.xctest */,
			);
			name = Products;
			sourceTree = "<group>";
		};
		2D36B17A1A377A7100B354EA /* MQPhotoGallery */ = {
			isa = PBXGroup;
			children = (
				2D36B1A31A377B2300B354EA /* Controller */,
				2D36B1A21A377AC500B354EA /* Storyboard */,
				2D94B7721A38D30C00911483 /* resource */,
				2D36B1881A377A7100B354EA /* Images.xcassets */,
				2D36B1A61A377BA100B354EA /* Frameworks */,
				2D36B17B1A377A7100B354EA /* Supporting Files */,
			);
			path = MQPhotoGallery;
			sourceTree = "<group>";
		};
		2D36B17B1A377A7100B354EA /* Supporting Files */ = {
			isa = PBXGroup;
			children = (
				2D36B17C1A377A7100B354EA /* Info.plist */,
				2D36B17D1A377A7100B354EA /* main.m */,
			);
			name = "Supporting Files";
			sourceTree = "<group>";
		};
		2D36B1941A377A7100B354EA /* MQPhotoGalleryTests */ = {
			isa = PBXGroup;
			children = (
				2D36B1971A377A7100B354EA /* MQPhotoGalleryTests.m */,
				2D36B1951A377A7100B354EA /* Supporting Files */,
			);
			path = MQPhotoGalleryTests;
			sourceTree = "<group>";
		};
		2D36B1951A377A7100B354EA /* Supporting Files */ = {
			isa = PBXGroup;
			children = (
				2D36B1961A377A7100B354EA /* Info.plist */,
			);
			name = "Supporting Files";
			sourceTree = "<group>";
		};
		2D36B1A21A377AC500B354EA /* Storyboard */ = {
			isa = PBXGroup;
			children = (
				2D36B18A1A377A7100B354EA /* LaunchScreen.xib */,
				2D36B1851A377A7100B354EA /* Main.storyboard */,
			);
			name = Storyboard;
			sourceTree = "<group>";
		};
		2D36B1A31A377B2300B354EA /* Controller */ = {
			isa = PBXGroup;
			children = (
				2D36B17F1A377A7100B354EA /* AppDelegate.h */,
				2D36B1801A377A7100B354EA /* AppDelegate.m */,
				2D36B1AB1A377C7000B354EA /* MQGalleryViewController.h */,
				2D36B1AC1A377C7000B354EA /* MQGalleryViewController.m */,
				2D36B1AE1A37875800B354EA /* PhotoCell.h */,
				2D36B1AF1A37875800B354EA /* PhotoCell.m */,
				2D94B73C1A387C8F00911483 /* TakePictureViewController.h */,
				2D94B73D1A387C8F00911483 /* TakePictureViewController.m */,
				2D94B76F1A38B2BB00911483 /* DisplaySelectedPhotoViewController.h */,
				2D94B7701A38B2BB00911483 /* DisplaySelectedPhotoViewController.m */,
			);
			name = Controller;
			sourceTree = "<group>";
		};
		2D36B1A61A377BA100B354EA /* Frameworks */ = {
			isa = PBXGroup;
			children = (
				2D36B1A91A377BF900B354EA /* Security.framework */,
				2D36B1A71A377BE500B354EA /* QuartzCore.framework */,
				2D36B1A41A377B9400B354EA /* DropboxSDK.framework */,
			);
			name = Frameworks;
			sourceTree = "<group>";
		};
		2D94B7721A38D30C00911483 /* resource */ = {
			isa = PBXGroup;
			children = (
				2D94B7731A38D30D00911483 /* images */,
			);
			path = resource;
			sourceTree = "<group>";
		};
		2D94B7731A38D30D00911483 /* images */ = {
			isa = PBXGroup;
			children = (
				2D94B7741A38D30D00911483 /* button_backgound.png */,
			);
			path = images;
			sourceTree = "<group>";
		};
/* End PBXGroup section */

/* Begin PBXNativeTarget section */
		2D36B1771A377A7100B354EA /* MQPhotoGallery */ = {
			isa = PBXNativeTarget;
			buildConfigurationList = 2D36B19B1A377A7100B354EA /* Build configuration list for PBXNativeTarget "MQPhotoGallery" */;
			buildPhases = (
				2D36B1741A377A7100B354EA /* Sources */,
				2D36B1751A377A7100B354EA /* Frameworks */,
				2D36B1761A377A7100B354EA /* Resources */,
			);
			buildRules = (
			);
			dependencies = (
			);
			name = MQPhotoGallery;
			productName = MQPhotoGallery;
			productReference = 2D36B1781A377A7100B354EA /* MQPhotoGallery.app */;
			productType = "com.apple.product-type.application";
		};
		2D36B1901A377A7100B354EA /* MQPhotoGalleryTests */ = {
			isa = PBXNativeTarget;
			buildConfigurationList = 2D36B19E1A377A7100B354EA /* Build configuration list for PBXNativeTarget "MQPhotoGalleryTests" */;
			buildPhases = (
				2D36B18D1A377A7100B354EA /* Sources */,
				2D36B18E1A377A7100B354EA /* Frameworks */,
				2D36B18F1A377A7100B354EA /* Resources */,
			);
			buildRules = (
			);
			dependencies = (
				2D36B1931A377A7100B354EA /* PBXTargetDependency */,
			);
			name = MQPhotoGalleryTests;
			productName = MQPhotoGalleryTests;
			productReference = 2D36B1911A377A7100B354EA /* MQPhotoGalleryTests.xctest */;
			productType = "com.apple.product-type.bundle.unit-test";
		};
/* End PBXNativeTarget section */

/* Begin PBXProject section */
		2D36B1701A377A7100B354EA /* Project object */ = {
			isa = PBXProject;
			attributes = {
				LastUpgradeCheck = 0610;
				ORGANIZATIONNAME = "Premal Mistry";
				TargetAttributes = {
					2D36B1771A377A7100B354EA = {
						CreatedOnToolsVersion = 6.1.1;
					};
					2D36B1901A377A7100B354EA = {
						CreatedOnToolsVersion = 6.1.1;
						TestTargetID = 2D36B1771A377A7100B354EA;
					};
				};
			};
			buildConfigurationList = 2D36B1731A377A7100B354EA /* Build configuration list for PBXProject "MQPhotoGallery" */;
			compatibilityVersion = "Xcode 3.2";
			developmentRegion = English;
			hasScannedForEncodings = 0;
			knownRegions = (
				en,
				Base,
			);
			mainGroup = 2D36B16F1A377A7100B354EA;
			productRefGroup = 2D36B1791A377A7100B354EA /* Products */;
			projectDirPath = "";
			projectRoot = "";
			targets = (
				2D36B1771A377A7100B354EA /* MQPhotoGallery */,
				2D36B1901A377A7100B354EA /* MQPhotoGalleryTests */,
			);
		};
/* End PBXProject section */

/* Begin PBXResourcesBuildPhase section */
		2D36B1761A377A7100B354EA /* Resources */ = {
			isa = PBXResourcesBuildPhase;
			buildActionMask = 2147483647;
			files = (
				2D94B7751A38D30D00911483 /* button_backgound.png in Resources */,
				2D36B1871A377A7100B354EA /* Main.storyboard in Resources */,
				2D36B18C1A377A7100B354EA /* LaunchScreen.xib in Resources */,
				2D36B1891A377A7100B354EA /* Images.xcassets in Resources */,
			);
			runOnlyForDeploymentPostprocessing = 0;
		};
		2D36B18F1A377A7100B354EA /* Resources */ = {
			isa = PBXResourcesBuildPhase;
			buildActionMask = 2147483647;
			files = (
			);
			runOnlyForDeploymentPostprocessing = 0;
		};
/* End PBXResourcesBuildPhase section */

/* Begin PBXSourcesBuildPhase section */
		2D36B1741A377A7100B354EA /* Sources */ = {
			isa = PBXSourcesBuildPhase;
			buildActionMask = 2147483647;
			files = (
				2D36B1B01A37875800B354EA /* PhotoCell.m in Sources */,
				2D36B1811A377A7100B354EA /* AppDelegate.m in Sources */,
				2D94B73E1A387C8F00911483 /* TakePictureViewController.m in Sources */,
				2D36B1AD1A377C7000B354EA /* MQGalleryViewController.m in Sources */,
				2D36B17E1A377A7100B354EA /* main.m in Sources */,
				2D94B7711A38B2BB00911483 /* DisplaySelectedPhotoViewController.m in Sources */,
			);
			runOnlyForDeploymentPostprocessing = 0;
		};
		2D36B18D1A377A7100B354EA /* Sources */ = {
			isa = PBXSourcesBuildPhase;
			buildActionMask = 2147483647;
			files = (
				2D36B1981A377A7100B354EA /* MQPhotoGalleryTests.m in Sources */,
			);
			runOnlyForDeploymentPostprocessing = 0;
		};
/* End PBXSourcesBuildPhase section */

/* Begin PBXTargetDependency section */
		2D36B1931A377A7100B354EA /* PBXTargetDependency */ = {
			isa = PBXTargetDependency;
			target = 2D36B1771A377A7100B354EA /* MQPhotoGallery */;
			targetProxy = 2D36B1921A377A7100B354EA /* PBXContainerItemProxy */;
		};
/* End PBXTargetDependency section */

/* Begin PBXVariantGroup section */
		2D36B1851A377A7100B354EA /* Main.storyboard */ = {
			isa = PBXVariantGroup;
			children = (
				2D36B1861A377A7100B354EA /* Base */,
			);
			name = Main.storyboard;
			sourceTree = "<group>";
		};
		2D36B18A1A377A7100B354EA /* LaunchScreen.xib */ = {
			isa = PBXVariantGroup;
			children = (
				2D36B18B1A377A7100B354EA /* Base */,
			);
			name = LaunchScreen.xib;
			sourceTree = "<group>";
		};
/* End PBXVariantGroup section */

/* Begin XCBuildConfiguration section */
		2D36B1991A377A7100B354EA /* Debug */ = {
			isa = XCBuildConfiguration;
			buildSettings = {
				ALWAYS_SEARCH_USER_PATHS = NO;
				CLANG_CXX_LANGUAGE_STANDARD = "gnu++0x";
				CLANG_CXX_LIBRARY = "libc++";
				CLANG_ENABLE_MODULES = YES;
				CLANG_ENABLE_OBJC_ARC = YES;
				CLANG_WARN_BOOL_CONVERSION = YES;
				CLANG_WARN_CONSTANT_CONVERSION = YES;
				CLANG_WARN_DIRECT_OBJC_ISA_USAGE = YES_ERROR;
				CLANG_WARN_EMPTY_BODY = YES;
				CLANG_WARN_ENUM_CONVERSION = YES;
				CLANG_WARN_INT_CONVERSION = YES;
				CLANG_WARN_OBJC_ROOT_CLASS = YES_ERROR;
				CLANG_WARN_UNREACHABLE_CODE = YES;
				CLANG_WARN__DUPLICATE_METHOD_MATCH = YES;
				"CODE_SIGN_IDENTITY[sdk=iphoneos*]" = "iPhone Developer";
				COPY_PHASE_STRIP = NO;
				ENABLE_STRICT_OBJC_MSGSEND = YES;
				GCC_C_LANGUAGE_STANDARD = gnu99;
				GCC_DYNAMIC_NO_PIC = NO;
				GCC_OPTIMIZATION_LEVEL = 0;
				GCC_PREPROCESSOR_DEFINITIONS = (
					"DEBUG=1",
					"$(inherited)",
				);
				GCC_SYMBOLS_PRIVATE_EXTERN = NO;
				GCC_WARN_64_TO_32_BIT_CONVERSION = YES;
				GCC_WARN_ABOUT_RETURN_TYPE = YES_ERROR;
				GCC_WARN_UNDECLARED_SELECTOR = YES;
				GCC_WARN_UNINITIALIZED_AUTOS = YES_AGGRESSIVE;
				GCC_WARN_UNUSED_FUNCTION = YES;
				GCC_WARN_UNUSED_VARIABLE = YES;
				IPHONEOS_DEPLOYMENT_TARGET = 8.1;
				MTL_ENABLE_DEBUG_INFO = YES;
				ONLY_ACTIVE_ARCH = YES;
				SDKROOT = iphoneos;
			};
			name = Debug;
		};
		2D36B19A1A377A7100B354EA /* Release */ = {
			isa = XCBuildConfiguration;
			buildSettings = {
				ALWAYS_SEARCH_USER_PATHS = NO;
				CLANG_CXX_LANGUAGE_STANDARD = "gnu++0x";
				CLANG_CXX_LIBRARY = "libc++";
				CLANG_ENABLE_MODULES = YES;
				CLANG_ENABLE_OBJC_ARC = YES;
				CLANG_WARN_BOOL_CONVERSION = YES;
				CLANG_WARN_CONSTANT_CONVERSION = YES;
				CLANG_WARN_DIRECT_OBJC_ISA_USAGE = YES_ERROR;
				CLANG_WARN_EMPTY_BODY = YES;
				CLANG_WARN_ENUM_CONVERSION = YES;
				CLANG_WARN_INT_CONVERSION = YES;
				CLANG_WARN_OBJC_ROOT_CLASS = YES_ERROR;
				CLANG_WARN_UNREACHABLE_CODE = YES;
				CLANG_WARN__DUPLICATE_METHOD_MATCH = YES;
				"CODE_SIGN_IDENTITY[sdk=iphoneos*]" = "iPhone Developer";
				COPY_PHASE_STRIP = YES;
				ENABLE_NS_ASSERTIONS = NO;
				ENABLE_STRICT_OBJC_MSGSEND = YES;
				GCC_C_LANGUAGE_STANDARD = gnu99;
				GCC_WARN_64_TO_32_BIT_CONVERSION = YES;
				GCC_WARN_ABOUT_RETURN_TYPE = YES_ERROR;
				GCC_WARN_UNDECLARED_SELECTOR = YES;
				GCC_WARN_UNINITIALIZED_AUTOS = YES_AGGRESSIVE;
				GCC_WARN_UNUSED_FUNCTION = YES;
				GCC_WARN_UNUSED_VARIABLE = YES;
				IPHONEOS_DEPLOYMENT_TARGET = 8.1;
				MTL_ENABLE_DEBUG_INFO = NO;
				SDKROOT = iphoneos;
				VALIDATE_PRODUCT = YES;
			};
			name = Release;
		};
		2D36B19C1A377A7100B354EA /* Debug */ = {
			isa = XCBuildConfiguration;
			buildSettings = {
				ASSETCATALOG_COMPILER_APPICON_NAME = AppIcon;
				FRAMEWORK_SEARCH_PATHS = (
					"$(inherited)",
					"$(PROJECT_DIR)/ThirdpartyFramework",
				);
				INFOPLIST_FILE = MQPhotoGallery/Info.plist;
				LD_RUNPATH_SEARCH_PATHS = "$(inherited) @executable_path/Frameworks";
				PRODUCT_NAME = "$(TARGET_NAME)";
			};
			name = Debug;
		};
		2D36B19D1A377A7100B354EA /* Release */ = {
			isa = XCBuildConfiguration;
			buildSettings = {
				ASSETCATALOG_COMPILER_APPICON_NAME = AppIcon;
				FRAMEWORK_SEARCH_PATHS = (
					"$(inherited)",
					"$(PROJECT_DIR)/ThirdpartyFramework",
				);
				INFOPLIST_FILE = MQPhotoGallery/Info.plist;
				LD_RUNPATH_SEARCH_PATHS = "$(inherited) @executable_path/Frameworks";
				PRODUCT_NAME = "$(TARGET_NAME)";
			};
			name = Release;
		};
		2D36B19F1A377A7100B354EA /* Debug */ = {
			isa = XCBuildConfiguration;
			buildSettings = {
				BUNDLE_LOADER = "$(TEST_HOST)";
				FRAMEWORK_SEARCH_PATHS = (
					"$(SDKROOT)/Developer/Library/Frameworks",
					"$(inherited)",
				);
				GCC_PREPROCESSOR_DEFINITIONS = (
					"DEBUG=1",
					"$(inherited)",
				);
				INFOPLIST_FILE = MQPhotoGalleryTests/Info.plist;
				LD_RUNPATH_SEARCH_PATHS = "$(inherited) @executable_path/Frameworks @loader_path/Frameworks";
				PRODUCT_NAME = "$(TARGET_NAME)";
				TEST_HOST = "$(BUILT_PRODUCTS_DIR)/MQPhotoGallery.app/MQPhotoGallery";
			};
			name = Debug;
		};
		2D36B1A01A377A7100B354EA /* Release */ = {
			isa = XCBuildConfiguration;
			buildSettings = {
				BUNDLE_LOADER = "$(TEST_HOST)";
				FRAMEWORK_SEARCH_PATHS = (
					"$(SDKROOT)/Developer/Library/Frameworks",
					"$(inherited)",
				);
				INFOPLIST_FILE = MQPhotoGalleryTests/Info.plist;
				LD_RUNPATH_SEARCH_PATHS = "$(inherited) @executable_path/Frameworks @loader_path/Frameworks";
				PRODUCT_NAME = "$(TARGET_NAME)";
				TEST_HOST = "$(BUILT_PRODUCTS_DIR)/MQPhotoGallery.app/MQPhotoGallery";
			};
			name = Release;
		};
/* End XCBuildConfiguration section */

/* Begin XCConfigurationList section */
		2D36B1731A377A7100B354EA /* Build configuration list for PBXProject "MQPhotoGallery" */ = {
			isa = XCConfigurationList;
			buildConfigurations = (
				2D36B1991A377A7100B354EA /* Debug */,
				2D36B19A1A377A7100B354EA /* Release */,
			);
			defaultConfigurationIsVisible = 0;
			defaultConfigurationName = Release;
		};
		2D36B19B1A377A7100B354EA /* Build configuration list for PBXNativeTarget "MQPhotoGallery" */ = {
			isa = XCConfigurationList;
			buildConfigurations = (
				2D36B19C1A377A7100B354EA /* Debug */,
				2D36B19D1A377A7100B354EA /* Release */,
			);
			defaultConfigurationIsVisible = 0;
			defaultConfigurationName = Release;
		};
		2D36B19E1A377A7100B354EA /* Build configuration list for PBXNativeTarget "MQPhotoGalleryTests" */ = {
			isa = XCConfigurationList;
			buildConfigurations = (
				2D36B19F1A377A7100B354EA /* Debug */,
				2D36B1A01A377A7100B354EA /* Release */,
			);
			defaultConfigurationIsVisible = 0;
			defaultConfigurationName = Release;
		};
/* End XCConfigurationList section */
	};
	rootObject = 2D36B1701A377A7100B354EA /* Project object */;
}
